
Microsoft Visual Studio Solution File, Format Version 12.00
# Visual Studio Version 17
VisualStudioVersion = 17.4.33403.182
MinimumVisualStudioVersion = 10.0.40219.1
Project("{D954291E-2A0B-460D-934E-DC6B0785DB48}") = "Case.AppName.SharedProject", "Case.AppName.SharedProject.shproj", "{695A2D82-DD93-4712-99CA-95978AAD6D94}"
EndProject
Global
	GlobalSection(SolutionProperties) = preSolution
		HideSolutionNode = FALSE
	EndGlobalSection
	GlobalSection(ExtensibilityGlobals) = postSolution
		SolutionGuid = {D6B64935-1497-4169-BB2E-93DFA40FC50D}
	EndGlobalSection
	GlobalSection(SharedMSBuildProjectFiles) = preSolution
		Case.AppName.SharedProject.projitems*{695a2d82-dd93-4712-99ca-95978aad6d94}*SharedItemsImports = 13
	EndGlobalSection
EndGlobal
