
Microsoft Visual Studio Solution File, Format Version 12.00
# Visual Studio Version 17
VisualStudioVersion = 17.4.33403.182
MinimumVisualStudioVersion = 10.0.40219.1
Project("{D954291E-2A0B-460D-934E-DC6B0785DB48}") = "Case.Subs.ViewTemplates.SharedProject", "Case.Subs.ViewTemplates.SharedProject\Case.Subs.ViewTemplates.SharedProject.shproj", "{F36AB59E-0D72-43B8-9688-84C0DACA1C82}"
EndProject
Project("{F184B08F-C81C-45F6-A57F-5ABD9991F28F}") = "Case.Subs.ViewTemplates.2023", "Case.Subs.ViewTemplates.2023\Case.Subs.ViewTemplates.2023.vbproj", "{A1F8439A-C5C2-471B-A049-647172C3A461}"
EndProject
Project("{F184B08F-C81C-45F6-A57F-5ABD9991F28F}") = "Case.Subs.ViewTemplates.2021", "Case.Subs.ViewTemplates.2021\Case.Subs.ViewTemplates.2021.vbproj", "{26048183-F5F8-40AE-96DF-79129E55F5B4}"
EndProject
Project("{F184B08F-C81C-45F6-A57F-5ABD9991F28F}") = "Case.Subs.ViewTemplates.2022", "Case.Subs.ViewTemplates.2022\Case.Subs.ViewTemplates.2022.vbproj", "{BDA1608D-3185-4B34-B90C-AD2AEA2BB066}"
EndProject
Project("{F184B08F-C81C-45F6-A57F-5ABD9991F28F}") = "Case.Subs.ViewTemplates.2020", "Case.Subs.ViewTemplates.2020\Case.Subs.ViewTemplates.2020.vbproj", "{6545597B-107E-4B89-8B47-BBF91C6817A0}"
EndProject
Global
	GlobalSection(SolutionConfigurationPlatforms) = preSolution
		Debug|Any CPU = Debug|Any CPU
		Release|Any CPU = Release|Any CPU
	EndGlobalSection
	GlobalSection(ProjectConfigurationPlatforms) = postSolution
		{A1F8439A-C5C2-471B-A049-647172C3A461}.Debug|Any CPU.ActiveCfg = Debug|Any CPU
		{A1F8439A-C5C2-471B-A049-647172C3A461}.Debug|Any CPU.Build.0 = Debug|Any CPU
		{A1F8439A-C5C2-471B-A049-647172C3A461}.Release|Any CPU.ActiveCfg = Release|Any CPU
		{A1F8439A-C5C2-471B-A049-647172C3A461}.Release|Any CPU.Build.0 = Release|Any CPU
		{26048183-F5F8-40AE-96DF-79129E55F5B4}.Debug|Any CPU.ActiveCfg = Debug|Any CPU
		{26048183-F5F8-40AE-96DF-79129E55F5B4}.Debug|Any CPU.Build.0 = Debug|Any CPU
		{26048183-F5F8-40AE-96DF-79129E55F5B4}.Release|Any CPU.ActiveCfg = Release|Any CPU
		{26048183-F5F8-40AE-96DF-79129E55F5B4}.Release|Any CPU.Build.0 = Release|Any CPU
		{BDA1608D-3185-4B34-B90C-AD2AEA2BB066}.Debug|Any CPU.ActiveCfg = Debug|Any CPU
		{BDA1608D-3185-4B34-B90C-AD2AEA2BB066}.Debug|Any CPU.Build.0 = Debug|Any CPU
		{BDA1608D-3185-4B34-B90C-AD2AEA2BB066}.Release|Any CPU.ActiveCfg = Release|Any CPU
		{BDA1608D-3185-4B34-B90C-AD2AEA2BB066}.Release|Any CPU.Build.0 = Release|Any CPU
		{6545597B-107E-4B89-8B47-BBF91C6817A0}.Debug|Any CPU.ActiveCfg = Debug|Any CPU
		{6545597B-107E-4B89-8B47-BBF91C6817A0}.Debug|Any CPU.Build.0 = Debug|Any CPU
		{6545597B-107E-4B89-8B47-BBF91C6817A0}.Release|Any CPU.ActiveCfg = Release|Any CPU
		{6545597B-107E-4B89-8B47-BBF91C6817A0}.Release|Any CPU.Build.0 = Release|Any CPU
	EndGlobalSection
	GlobalSection(SolutionProperties) = preSolution
		HideSolutionNode = FALSE
	EndGlobalSection
	GlobalSection(ExtensibilityGlobals) = postSolution
		SolutionGuid = {51B6A150-6704-47F5-8312-2D394F5E477C}
	EndGlobalSection
	GlobalSection(SharedMSBuildProjectFiles) = preSolution
		Case.Subs.ViewTemplates.SharedProject\Case.Subs.ViewTemplates.SharedProject.projitems*{26048183-f5f8-40ae-96df-79129e55f5b4}*SharedItemsImports = 4
		Case.Subs.ViewTemplates.SharedProject\Case.Subs.ViewTemplates.SharedProject.projitems*{6545597b-107e-4b89-8b47-bbf91c6817a0}*SharedItemsImports = 4
		Case.Subs.ViewTemplates.SharedProject\Case.Subs.ViewTemplates.SharedProject.projitems*{a1f8439a-c5c2-471b-a049-647172c3a461}*SharedItemsImports = 4
		Case.Subs.ViewTemplates.SharedProject\Case.Subs.ViewTemplates.SharedProject.projitems*{bda1608d-3185-4b34-b90c-ad2aea2bb066}*SharedItemsImports = 4
		Case.Subs.ViewTemplates.SharedProject\Case.Subs.ViewTemplates.SharedProject.projitems*{f36ab59e-0d72-43b8-9688-84c0daca1c82}*SharedItemsImports = 13
	EndGlobalSection
EndGlobal
