
Microsoft Visual Studio Solution File, Format Version 12.00
# Visual Studio Version 17
VisualStudioVersion = 17.4.33403.182
MinimumVisualStudioVersion = 10.0.40219.1
Project("{FAE04EC0-301F-11D3-BF4B-00C04F79EFBC}") = "Case.ApplySysOrient.2023", "Case.ApplySysOrient.2023\Case.ApplySysOrient.2023.csproj", "{0ACBCDF9-D03F-47C8-A50B-F2A66581D32B}"
EndProject
Project("{D954291E-2A0B-460D-934E-DC6B0785DB48}") = "Case.ApplySysOrient.SharedProject", "Case.ApplySysOrient.SharedProject\Case.ApplySysOrient.SharedProject.shproj", "{695A2D82-DD93-4712-99CA-95978AAD6D94}"
EndProject
Project("{FAE04EC0-301F-11D3-BF4B-00C04F79EFBC}") = "Case.ApplySysOrient.2022", "Case.ApplySysOrient.2022\Case.ApplySysOrient.2022.csproj", "{B5ED3506-2771-440B-965A-FCF0E4C8AD93}"
EndProject
Project("{FAE04EC0-301F-11D3-BF4B-00C04F79EFBC}") = "Case.ApplySysOrient.2021", "Case.ApplySysOrient.2021\Case.ApplySysOrient.2021.csproj", "{E3542FC6-DC3A-4537-B1F1-84EA44A4CDED}"
EndProject
Project("{FAE04EC0-301F-11D3-BF4B-00C04F79EFBC}") = "Case.ApplySysOrient.2020", "Case.ApplySysOrient.2020\Case.ApplySysOrient.2020.csproj", "{D14EAEDD-8681-4A28-AE16-9C5705508FCE}"
EndProject
Global
	GlobalSection(SolutionConfigurationPlatforms) = preSolution
		Debug|Any CPU = Debug|Any CPU
		Release|Any CPU = Release|Any CPU
	EndGlobalSection
	GlobalSection(ProjectConfigurationPlatforms) = postSolution
		{0ACBCDF9-D03F-47C8-A50B-F2A66581D32B}.Debug|Any CPU.ActiveCfg = Debug|Any CPU
		{0ACBCDF9-D03F-47C8-A50B-F2A66581D32B}.Debug|Any CPU.Build.0 = Debug|Any CPU
		{0ACBCDF9-D03F-47C8-A50B-F2A66581D32B}.Release|Any CPU.ActiveCfg = Release|Any CPU
		{0ACBCDF9-D03F-47C8-A50B-F2A66581D32B}.Release|Any CPU.Build.0 = Release|Any CPU
		{B5ED3506-2771-440B-965A-FCF0E4C8AD93}.Debug|Any CPU.ActiveCfg = Debug|Any CPU
		{B5ED3506-2771-440B-965A-FCF0E4C8AD93}.Debug|Any CPU.Build.0 = Debug|Any CPU
		{B5ED3506-2771-440B-965A-FCF0E4C8AD93}.Release|Any CPU.ActiveCfg = Release|Any CPU
		{B5ED3506-2771-440B-965A-FCF0E4C8AD93}.Release|Any CPU.Build.0 = Release|Any CPU
		{E3542FC6-DC3A-4537-B1F1-84EA44A4CDED}.Debug|Any CPU.ActiveCfg = Debug|Any CPU
		{E3542FC6-DC3A-4537-B1F1-84EA44A4CDED}.Debug|Any CPU.Build.0 = Debug|Any CPU
		{E3542FC6-DC3A-4537-B1F1-84EA44A4CDED}.Release|Any CPU.ActiveCfg = Release|Any CPU
		{E3542FC6-DC3A-4537-B1F1-84EA44A4CDED}.Release|Any CPU.Build.0 = Release|Any CPU
		{D14EAEDD-8681-4A28-AE16-9C5705508FCE}.Debug|Any CPU.ActiveCfg = Debug|Any CPU
		{D14EAEDD-8681-4A28-AE16-9C5705508FCE}.Debug|Any CPU.Build.0 = Debug|Any CPU
		{D14EAEDD-8681-4A28-AE16-9C5705508FCE}.Release|Any CPU.ActiveCfg = Release|Any CPU
		{D14EAEDD-8681-4A28-AE16-9C5705508FCE}.Release|Any CPU.Build.0 = Release|Any CPU
	EndGlobalSection
	GlobalSection(SolutionProperties) = preSolution
		HideSolutionNode = FALSE
	EndGlobalSection
	GlobalSection(ExtensibilityGlobals) = postSolution
		SolutionGuid = {8993868E-3EAB-446F-9100-474D70514886}
	EndGlobalSection
	GlobalSection(SharedMSBuildProjectFiles) = preSolution
		Case.ApplySysOrient.SharedProject\Case.ApplySysOrient.SharedProject.projitems*{0acbcdf9-d03f-47c8-a50b-f2a66581d32b}*SharedItemsImports = 4
		Case.ApplySysOrient.SharedProject\Case.ApplySysOrient.SharedProject.projitems*{695a2d82-dd93-4712-99ca-95978aad6d94}*SharedItemsImports = 13
		Case.ApplySysOrient.SharedProject\Case.ApplySysOrient.SharedProject.projitems*{b5ed3506-2771-440b-965a-fcf0e4c8ad93}*SharedItemsImports = 4
		Case.ApplySysOrient.SharedProject\Case.ApplySysOrient.SharedProject.projitems*{d14eaedd-8681-4a28-ae16-9c5705508fce}*SharedItemsImports = 4
		Case.ApplySysOrient.SharedProject\Case.ApplySysOrient.SharedProject.projitems*{e3542fc6-dc3a-4537-b1f1-84ea44a4cded}*SharedItemsImports = 4
	EndGlobalSection
EndGlobal
